
Microsoft Visual Studio Solution File, Format Version 12.00
# Visual Studio 15
VisualStudioVersion = 15.0.28307.1831
MinimumVisualStudioVersion = 10.0.40219.1
Project("{FAE04EC0-301F-11D3-BF4B-00C04F79EFBC}") = "NetCoreWebApplication", "NetCoreWebApplication\NetCoreWebApplication.csproj", "{F56D4095-06BA-4FC7-88EF-1CF036A3082A}"
EndProject
Global
	GlobalSection(SolutionConfigurationPlatforms) = preSolution
		Debug|Any CPU = Debug|Any CPU
		Release|Any CPU = Release|Any CPU
	EndGlobalSection
	GlobalSection(ProjectConfigurationPlatforms) = postSolution
		{F56D4095-06BA-4FC7-88EF-1CF036A3082A}.Debug|Any CPU.ActiveCfg = Debug|Any CPU
		{F56D4095-06BA-4FC7-88EF-1CF036A3082A}.Debug|Any CPU.Build.0 = Debug|Any CPU
		{F56D4095-06BA-4FC7-88EF-1CF036A3082A}.Release|Any CPU.ActiveCfg = Release|Any CPU
		{F56D4095-06BA-4FC7-88EF-1CF036A3082A}.Release|Any CPU.Build.0 = Release|Any CPU
	EndGlobalSection
	GlobalSection(SolutionProperties) = preSolution
		HideSolutionNode = FALSE
	EndGlobalSection
	GlobalSection(ExtensibilityGlobals) = postSolution
		SolutionGuid = {69B8551B-7D60-4BF6-A31B-9BF6C8931FB9}
	EndGlobalSection
EndGlobal
